github.com/maladroitthief/caravan v1.1.0 h1:Fs7pTDB3n442InI0c+EGfgvEeviTviOLkRznHx7HkEE=
github.com/maladroitthief/caravan v1.1.0/go.mod h1:1hPPX2GmGAYdOH6+La0QLXL27igweQXohOfNrqYwnoU=
github.com/maladroitthief/mosaic v1.0.0 h1:2QF/wW+RIEaIETpjpbfF6ZGKc+Lq7kN5AGVNgtbA23g=
github.com/maladroitthief/mosaic v1.0.0/go.mod h1:mU6Rxi6/J/UZ7ud4K9pqhKDX1RIKi9J0uhj40Kt5qvw=
