github.com/maladroitthief/caravan v1.4.3 h1:Jk8tGrYZSnTHF7kTv5oRMv2jacadeC38CdEgUJ9juDo=
github.com/maladroitthief/caravan v1.4.3/go.mod h1:1hPPX2GmGAYdOH6+La0QLXL27igweQXohOfNrqYwnoU=
github.com/maladroitthief/mosaic v1.4.0 h1:kZBOvUqZkvwBnPKn7fJb5sCA1FlGEqPknLUzrlrdzyQ=
github.com/maladroitthief/mosaic v1.4.0/go.mod h1:UPQ4At2B+ovTPwLLiY6PrJX+aBfCt4jbOA02bLk0rxk=
golang.org/x/exp v0.0.0-20240529005216-23cca8864a10 h1:vpzMC/iZhYFAjJzHU0Cfuq+w1vLLsF2vLkDrPjzKYck=
golang.org/x/exp v0.0.0-20240529005216-23cca8864a10/go.mod h1:XtvwrStGgqGPLc4cjQfWqZHG1YFdYs6swckp8vpsjnc=
